{
  "schema_version": 1,
  "snapshot": "20250101T000000Z",
  "architecture": "amd64",
  "data_member": "data.tar.xz",
  "packages": [
    {
      "name": "iptables",
      "version": "1.8.9-2",
      "source_url": "https://snapshot.debian.org/archive/debian/20250101T000000Z/pool/main/i/iptables/iptables_1.8.9-2_amd64.deb",
      "sha256": "2928d3ca6ca8a3dc3f423f6752822b1f3614a5ba609ff7806bcba4449ffe90e1",
      "license_spdx": "GPL-2.0-only"
    },
    {
      "name": "libc6",
      "version": "2.36-9+deb12u9",
      "source_url": "https://snapshot.debian.org/archive/debian/20250101T000000Z/pool/main/g/glibc/libc6_2.36-9+deb12u9_amd64.deb",
      "sha256": "3a043b9dbf1a8c8b5a9e2268253e6dca8c7d431bd7a202fea96364abf374fea9",
      "license_spdx": "LGPL-2.1-or-later"
    },
    {
      "name": "libip4tc2",
      "version": "1.8.9-2",
      "source_url": "https://snapshot.debian.org/archive/debian/20250101T000000Z/pool/main/i/iptables/libip4tc2_1.8.9-2_amd64.deb",
      "sha256": "f2c48b367f9ec13f9aa577e7ccf81b371ce5d5fe22dddf9d7aa99f1e0bb7cfc4",
      "license_spdx": "GPL-2.0-only"
    },
    {
      "name": "libip6tc2",
      "version": "1.8.9-2",
      "source_url": "https://snapshot.debian.org/archive/debian/20250101T000000Z/pool/main/i/iptables/libip6tc2_1.8.9-2_amd64.deb",
      "sha256": "be88db3dfa2fe3345ea343207f7c75345602686121e579023d021c348b9b4f4d",
      "license_spdx": "GPL-2.0-only"
    },
    {
      "name": "libmnl0",
      "version": "1.0.4-3",
      "source_url": "https://snapshot.debian.org/archive/debian/20250101T000000Z/pool/main/libm/libmnl/libmnl0_1.0.4-3_amd64.deb",
      "sha256": "4581f42e3373cb72f9ea4e88163b17873afca614a6c6f54637e95aa75983ea7c",
      "license_spdx": "LGPL-2.1-only"
    },
    {
      "name": "libnetfilter-conntrack3",
      "version": "1.0.9-3",
      "source_url": "https://snapshot.debian.org/archive/debian/20250101T000000Z/pool/main/libn/libnetfilter-conntrack/libnetfilter-conntrack3_1.0.9-3_amd64.deb",
      "sha256": "65f1539238f60fcc85d115acd640474f45c77bfddcf402eb7d75965a783c2bc8",
      "license_spdx": "GPL-2.0-or-later"
    },
    {
      "name": "libnfnetlink0",
      "version": "1.0.2-2",
      "source_url": "https://snapshot.debian.org/archive/debian/20250101T000000Z/pool/main/libn/libnfnetlink/libnfnetlink0_1.0.2-2_amd64.deb",
      "sha256": "ae5cbba417ea48f34c1f72c27e8146a81f20614c1296bca2cd7234c8215fddcc",
      "license_spdx": "GPL-2.0-or-later"
    },
    {
      "name": "libxtables12",
      "version": "1.8.9-2",
      "source_url": "https://snapshot.debian.org/archive/debian/20250101T000000Z/pool/main/i/iptables/libxtables12_1.8.9-2_amd64.deb",
      "sha256": "cb841d66950a43af4a398625313d2f3da9065299c9738538de6c2c3495857040",
      "license_spdx": "GPL-2.0-only"
    }
  ]
}
